<Solution>
  <Project Path="BallisticEngine.csproj" />
  <Project Path="BallisticEngine.Cli/BallisticEngine.Cli.csproj" />
  <Project Path="BallisticEngine.DX12/BallisticEngine.DX12.csproj" />
  <Project Path="BallisticEngine.Editor/BallisticEngine.Editor.csproj" />
  <Project Path="BallisticEngine.Mcp/BallisticEngine.Mcp.csproj" />
  <Project Path="BallisticEngine.Profiling.Tracy/BallisticEngine.Profiling.Tracy.csproj" />
  <Project Path="BallisticEngine.Runtime/BallisticEngine.Runtime.csproj" />
  <Project Path="BallisticEngine.SourceGen/BallisticEngine.SourceGen.csproj" />
</Solution>
